
Microsoft Visual Studio Solution File, Format Version 12.00
# Visual Studio 15
VisualStudioVersion = 15.0.26430.15
MinimumVisualStudioVersion = 10.0.40219.1
Project("{FAE04EC0-301F-11D3-BF4B-00C04F79EFBC}") = "Send_SMS_Practice", "Send_SMS_Practice\Send_SMS_Practice.csproj", "{22E11681-08C4-4395-A74A-619AF71303D7}"
EndProject
Global
	GlobalSection(SolutionConfigurationPlatforms) = preSolution
		Debug|Any CPU = Debug|Any CPU
		Release|Any CPU = Release|Any CPU
	EndGlobalSection
	GlobalSection(ProjectConfigurationPlatforms) = postSolution
		{22E11681-08C4-4395-A74A-619AF71303D7}.Debug|Any CPU.ActiveCfg = Debug|Any CPU
		{22E11681-08C4-4395-A74A-619AF71303D7}.Debug|Any CPU.Build.0 = Debug|Any CPU
		{22E11681-08C4-4395-A74A-619AF71303D7}.Release|Any CPU.ActiveCfg = Release|Any CPU
		{22E11681-08C4-4395-A74A-619AF71303D7}.Release|Any CPU.Build.0 = Release|Any CPU
	EndGlobalSection
	GlobalSection(SolutionProperties) = preSolution
		HideSolutionNode = FALSE
	EndGlobalSection
EndGlobal
